
Microsoft Visual Studio Solution File, Format Version 12.00
# Visual Studio Version 17
VisualStudioVersion = 17.4.33110.190
MinimumVisualStudioVersion = 10.0.40219.1
Project("{9A19103F-16F7-4668-BE54-9A1E7A4F7556}") = "AOTWebApi", "AOTWebApi\AOTWebApi.csproj", "{6E51FAF2-77A2-4102-B2F4-FE68D49219AE}"
EndProject
Project("{9A19103F-16F7-4668-BE54-9A1E7A4F7556}") = "AOTConsoleApp", "AOTConsoleApp\AOTConsoleApp.csproj", "{C124A7F6-19AE-4C6B-8F0F-0B3F679FEBED}"
EndProject
Global
	GlobalSection(SolutionConfigurationPlatforms) = preSolution
		Debug|Any CPU = Debug|Any CPU
		Release|Any CPU = Release|Any CPU
	EndGlobalSection
	GlobalSection(ProjectConfigurationPlatforms) = postSolution
		{6E51FAF2-77A2-4102-B2F4-FE68D49219AE}.Debug|Any CPU.ActiveCfg = Debug|Any CPU
		{6E51FAF2-77A2-4102-B2F4-FE68D49219AE}.Debug|Any CPU.Build.0 = Debug|Any CPU
		{6E51FAF2-77A2-4102-B2F4-FE68D49219AE}.Release|Any CPU.ActiveCfg = Release|Any CPU
		{6E51FAF2-77A2-4102-B2F4-FE68D49219AE}.Release|Any CPU.Build.0 = Release|Any CPU
		{C124A7F6-19AE-4C6B-8F0F-0B3F679FEBED}.Debug|Any CPU.ActiveCfg = Debug|Any CPU
		{C124A7F6-19AE-4C6B-8F0F-0B3F679FEBED}.Debug|Any CPU.Build.0 = Debug|Any CPU
		{C124A7F6-19AE-4C6B-8F0F-0B3F679FEBED}.Release|Any CPU.ActiveCfg = Release|Any CPU
		{C124A7F6-19AE-4C6B-8F0F-0B3F679FEBED}.Release|Any CPU.Build.0 = Release|Any CPU
	EndGlobalSection
	GlobalSection(SolutionProperties) = preSolution
		HideSolutionNode = FALSE
	EndGlobalSection
	GlobalSection(ExtensibilityGlobals) = postSolution
		SolutionGuid = {9BF66872-AB9B-40BF-8BA4-8D5A5F4EB969}
	EndGlobalSection
EndGlobal
